
Microsoft Visual Studio Solution File, Format Version 12.00
# Visual Studio Version 17
VisualStudioVersion = 17.4.33205.214
MinimumVisualStudioVersion = 10.0.40219.1
Project("{9A19103F-16F7-4668-BE54-9A1E7A4F7556}") = "Fika.Headless", "Fika.Dedicated\Fika.Headless.csproj", "{95F55C25-695F-4153-8F18-2637FC49FDE3}"
EndProject
Global
	GlobalSection(SolutionConfigurationPlatforms) = preSolution
		Debug|Any CPU = Debug|Any CPU
		GoldMaster|Any CPU = GoldMaster|Any CPU
		Release|Any CPU = Release|Any CPU
	EndGlobalSection
	GlobalSection(ProjectConfigurationPlatforms) = postSolution
		{95F55C25-695F-4153-8F18-2637FC49FDE3}.Debug|Any CPU.ActiveCfg = Debug|Any CPU
		{95F55C25-695F-4153-8F18-2637FC49FDE3}.Debug|Any CPU.Build.0 = Debug|Any CPU
		{95F55C25-695F-4153-8F18-2637FC49FDE3}.GoldMaster|Any CPU.ActiveCfg = GoldMaster|Any CPU
		{95F55C25-695F-4153-8F18-2637FC49FDE3}.GoldMaster|Any CPU.Build.0 = GoldMaster|Any CPU
		{95F55C25-695F-4153-8F18-2637FC49FDE3}.Release|Any CPU.ActiveCfg = Release|Any CPU
		{95F55C25-695F-4153-8F18-2637FC49FDE3}.Release|Any CPU.Build.0 = Release|Any CPU
	EndGlobalSection
	GlobalSection(SolutionProperties) = preSolution
		HideSolutionNode = FALSE
	EndGlobalSection
	GlobalSection(ExtensibilityGlobals) = postSolution
		SolutionGuid = {480B27AB-FC16-4ACB-955B-3ECDCE006362}
	EndGlobalSection
EndGlobal
